
Microsoft Visual Studio Solution File, Format Version 12.00
# Visual Studio 15
VisualStudioVersion = 15.0.27428.2027
MinimumVisualStudioVersion = 10.0.40219.1
Project("{FAE04EC0-301F-11D3-BF4B-00C04F79EFBC}") = "BulkEmail", "BulkEmail\BulkEmail.csproj", "{219FF1B8-79DC-40CB-82DB-0F188BFF061D}"
EndProject
Global
	GlobalSection(SolutionConfigurationPlatforms) = preSolution
		Debug|Any CPU = Debug|Any CPU
		Release|Any CPU = Release|Any CPU
	EndGlobalSection
	GlobalSection(ProjectConfigurationPlatforms) = postSolution
		{219FF1B8-79DC-40CB-82DB-0F188BFF061D}.Debug|Any CPU.ActiveCfg = Debug|Any CPU
		{219FF1B8-79DC-40CB-82DB-0F188BFF061D}.Debug|Any CPU.Build.0 = Debug|Any CPU
		{219FF1B8-79DC-40CB-82DB-0F188BFF061D}.Release|Any CPU.ActiveCfg = Release|Any CPU
		{219FF1B8-79DC-40CB-82DB-0F188BFF061D}.Release|Any CPU.Build.0 = Release|Any CPU
	EndGlobalSection
	GlobalSection(SolutionProperties) = preSolution
		HideSolutionNode = FALSE
	EndGlobalSection
	GlobalSection(ExtensibilityGlobals) = postSolution
		SolutionGuid = {21E43CD2-6B44-4DA8-932A-913955389700}
	EndGlobalSection
EndGlobal
